
Microsoft Visual Studio Solution File, Format Version 12.00
# Visual Studio Version 17
VisualStudioVersion = 17.4.33213.308
MinimumVisualStudioVersion = 10.0.40219.1
Project("{FAE04EC0-301F-11D3-BF4B-00C04F79EFBC}") = "P2BPowerChecker.Android", "P2BPowerChecker\P2BPowerChecker.Android\P2BPowerChecker.Android.csproj", "{A24DD028-9A4C-4B62-A58E-38E961557AF9}"
EndProject
Project("{FAE04EC0-301F-11D3-BF4B-00C04F79EFBC}") = "P2BPowerChecker.iOS", "P2BPowerChecker\P2BPowerChecker.iOS\P2BPowerChecker.iOS.csproj", "{01342894-265F-4F7E-A878-E5A71625663C}"
EndProject
Project("{FAE04EC0-301F-11D3-BF4B-00C04F79EFBC}") = "P2BPowerChecker", "P2BPowerChecker\P2BPowerChecker\P2BPowerChecker.csproj", "{90FA1BE2-3875-4AA0-A6F6-DEFB549CA682}"
EndProject
Global
	GlobalSection(SolutionConfigurationPlatforms) = preSolution
		Debug|Any CPU = Debug|Any CPU
		Debug|iPhone = Debug|iPhone
		Debug|iPhoneSimulator = Debug|iPhoneSimulator
		Release|Any CPU = Release|Any CPU
		Release|iPhone = Release|iPhone
		Release|iPhoneSimulator = Release|iPhoneSimulator
	EndGlobalSection
	GlobalSection(ProjectConfigurationPlatforms) = postSolution
		{A24DD028-9A4C-4B62-A58E-38E961557AF9}.Debug|Any CPU.ActiveCfg = Debug|Any CPU
		{A24DD028-9A4C-4B62-A58E-38E961557AF9}.Debug|Any CPU.Build.0 = Debug|Any CPU
		{A24DD028-9A4C-4B62-A58E-38E961557AF9}.Debug|Any CPU.Deploy.0 = Debug|Any CPU
		{A24DD028-9A4C-4B62-A58E-38E961557AF9}.Debug|iPhone.ActiveCfg = Debug|Any CPU
		{A24DD028-9A4C-4B62-A58E-38E961557AF9}.Debug|iPhone.Build.0 = Debug|Any CPU
		{A24DD028-9A4C-4B62-A58E-38E961557AF9}.Debug|iPhone.Deploy.0 = Debug|Any CPU
		{A24DD028-9A4C-4B62-A58E-38E961557AF9}.Debug|iPhoneSimulator.ActiveCfg = Debug|Any CPU
		{A24DD028-9A4C-4B62-A58E-38E961557AF9}.Debug|iPhoneSimulator.Build.0 = Debug|Any CPU
		{A24DD028-9A4C-4B62-A58E-38E961557AF9}.Debug|iPhoneSimulator.Deploy.0 = Debug|Any CPU
		{A24DD028-9A4C-4B62-A58E-38E961557AF9}.Release|Any CPU.ActiveCfg = Release|Any CPU
		{A24DD028-9A4C-4B62-A58E-38E961557AF9}.Release|Any CPU.Build.0 = Release|Any CPU
		{A24DD028-9A4C-4B62-A58E-38E961557AF9}.Release|Any CPU.Deploy.0 = Release|Any CPU
		{A24DD028-9A4C-4B62-A58E-38E961557AF9}.Release|iPhone.ActiveCfg = Release|Any CPU
		{A24DD028-9A4C-4B62-A58E-38E961557AF9}.Release|iPhone.Build.0 = Release|Any CPU
		{A24DD028-9A4C-4B62-A58E-38E961557AF9}.Release|iPhone.Deploy.0 = Release|Any CPU
		{A24DD028-9A4C-4B62-A58E-38E961557AF9}.Release|iPhoneSimulator.ActiveCfg = Release|Any CPU
		{A24DD028-9A4C-4B62-A58E-38E961557AF9}.Release|iPhoneSimulator.Build.0 = Release|Any CPU
		{A24DD028-9A4C-4B62-A58E-38E961557AF9}.Release|iPhoneSimulator.Deploy.0 = Release|Any CPU
		{01342894-265F-4F7E-A878-E5A71625663C}.Debug|Any CPU.ActiveCfg = Debug|iPhone
		{01342894-265F-4F7E-A878-E5A71625663C}.Debug|Any CPU.Build.0 = Debug|iPhone
		{01342894-265F-4F7E-A878-E5A71625663C}.Debug|Any CPU.Deploy.0 = Debug|iPhone
		{01342894-265F-4F7E-A878-E5A71625663C}.Debug|iPhone.ActiveCfg = Debug|iPhone
		{01342894-265F-4F7E-A878-E5A71625663C}.Debug|iPhone.Build.0 = Debug|iPhone
		{01342894-265F-4F7E-A878-E5A71625663C}.Debug|iPhone.Deploy.0 = Debug|iPhone
		{01342894-265F-4F7E-A878-E5A71625663C}.Debug|iPhoneSimulator.ActiveCfg = Debug|iPhoneSimulator
		{01342894-265F-4F7E-A878-E5A71625663C}.Debug|iPhoneSimulator.Build.0 = Debug|iPhoneSimulator
		{01342894-265F-4F7E-A878-E5A71625663C}.Debug|iPhoneSimulator.Deploy.0 = Debug|iPhoneSimulator
		{01342894-265F-4F7E-A878-E5A71625663C}.Release|Any CPU.ActiveCfg = Release|iPhoneSimulator
		{01342894-265F-4F7E-A878-E5A71625663C}.Release|Any CPU.Build.0 = Release|iPhoneSimulator
		{01342894-265F-4F7E-A878-E5A71625663C}.Release|Any CPU.Deploy.0 = Release|iPhoneSimulator
		{01342894-265F-4F7E-A878-E5A71625663C}.Release|iPhone.ActiveCfg = Release|iPhone
		{01342894-265F-4F7E-A878-E5A71625663C}.Release|iPhone.Build.0 = Release|iPhone
		{01342894-265F-4F7E-A878-E5A71625663C}.Release|iPhone.Deploy.0 = Release|iPhone
		{01342894-265F-4F7E-A878-E5A71625663C}.Release|iPhoneSimulator.ActiveCfg = Release|iPhoneSimulator
		{01342894-265F-4F7E-A878-E5A71625663C}.Release|iPhoneSimulator.Build.0 = Release|iPhoneSimulator
		{01342894-265F-4F7E-A878-E5A71625663C}.Release|iPhoneSimulator.Deploy.0 = Release|iPhoneSimulator
		{90FA1BE2-3875-4AA0-A6F6-DEFB549CA682}.Debug|Any CPU.ActiveCfg = Debug|Any CPU
		{90FA1BE2-3875-4AA0-A6F6-DEFB549CA682}.Debug|Any CPU.Build.0 = Debug|Any CPU
		{90FA1BE2-3875-4AA0-A6F6-DEFB549CA682}.Debug|Any CPU.Deploy.0 = Debug|Any CPU
		{90FA1BE2-3875-4AA0-A6F6-DEFB549CA682}.Debug|iPhone.ActiveCfg = Debug|Any CPU
		{90FA1BE2-3875-4AA0-A6F6-DEFB549CA682}.Debug|iPhone.Build.0 = Debug|Any CPU
		{90FA1BE2-3875-4AA0-A6F6-DEFB549CA682}.Debug|iPhone.Deploy.0 = Debug|Any CPU
		{90FA1BE2-3875-4AA0-A6F6-DEFB549CA682}.Debug|iPhoneSimulator.ActiveCfg = Debug|Any CPU
		{90FA1BE2-3875-4AA0-A6F6-DEFB549CA682}.Debug|iPhoneSimulator.Build.0 = Debug|Any CPU
		{90FA1BE2-3875-4AA0-A6F6-DEFB549CA682}.Debug|iPhoneSimulator.Deploy.0 = Debug|Any CPU
		{90FA1BE2-3875-4AA0-A6F6-DEFB549CA682}.Release|Any CPU.ActiveCfg = Release|Any CPU
		{90FA1BE2-3875-4AA0-A6F6-DEFB549CA682}.Release|Any CPU.Build.0 = Release|Any CPU
		{90FA1BE2-3875-4AA0-A6F6-DEFB549CA682}.Release|Any CPU.Deploy.0 = Release|Any CPU
		{90FA1BE2-3875-4AA0-A6F6-DEFB549CA682}.Release|iPhone.ActiveCfg = Release|Any CPU
		{90FA1BE2-3875-4AA0-A6F6-DEFB549CA682}.Release|iPhone.Build.0 = Release|Any CPU
		{90FA1BE2-3875-4AA0-A6F6-DEFB549CA682}.Release|iPhone.Deploy.0 = Release|Any CPU
		{90FA1BE2-3875-4AA0-A6F6-DEFB549CA682}.Release|iPhoneSimulator.ActiveCfg = Release|Any CPU
		{90FA1BE2-3875-4AA0-A6F6-DEFB549CA682}.Release|iPhoneSimulator.Build.0 = Release|Any CPU
		{90FA1BE2-3875-4AA0-A6F6-DEFB549CA682}.Release|iPhoneSimulator.Deploy.0 = Release|Any CPU
	EndGlobalSection
	GlobalSection(SolutionProperties) = preSolution
		HideSolutionNode = FALSE
	EndGlobalSection
	GlobalSection(ExtensibilityGlobals) = postSolution
		SolutionGuid = {83A29A2E-BDF8-4383-A253-118A090C84FE}
	EndGlobalSection
EndGlobal
